// !$*UTF8*$!
{
	archiveVersion = 1;
	classes = {
	};
	objectVersion = 50;
	objects = {

/* Begin PBXBuildFile section */
		AB127A3C25078ADF00C24CD1 /* AppDelegate.swift in Sources */ = {isa = PBXBuildFile; fileRef = AB127A3B25078ADF00C24CD1 /* AppDelegate.swift */; };
		AB127A3E25078ADF00C24CD1 /* SceneDelegate.swift in Sources */ = {isa = PBXBuildFile; fileRef = AB127A3D25078ADF00C24CD1 /* SceneDelegate.swift */; };
		AB127A4025078ADF00C24CD1 /* ViewController.swift in Sources */ = {isa = PBXBuildFile; fileRef = AB127A3F25078ADF00C24CD1 /* ViewController.swift */; };
		AB127A4325078ADF00C24CD1 /* Main.storyboard in Resources */ = {isa = PBXBuildFile; fileRef = AB127A4125078ADF00C24CD1 /* Main.storyboard */; };
		AB127A4525078AE400C24CD1 /* Assets.xcassets in Resources */ = {isa = PBXBuildFile; fileRef = AB127A4425078AE400C24CD1 /* Assets.xcassets */; };
		AB127A4825078AE400C24CD1 /* LaunchScreen.storyboard in Resources */ = {isa = PBXBuildFile; fileRef = AB127A4625078AE400C24CD1 /* LaunchScreen.storyboard */; };
		AB127A5325078AE400C24CD1 /* iOS_CalculatorTests.swift in Sources */ = {isa = PBXBuildFile; fileRef = AB127A5225078AE400C24CD1 /* iOS_CalculatorTests.swift */; };
		AB127A5E25078AE400C24CD1 /* iOS_CalculatorUITests.swift in Sources */ = {isa = PBXBuildFile; fileRef = AB127A5D25078AE400C24CD1 /* iOS_CalculatorUITests.swift */; };
/* End PBXBuildFile section */

/* Begin PBXContainerItemProxy section */
		AB127A4F25078AE400C24CD1 /* PBXContainerItemProxy */ = {
			isa = PBXContainerItemProxy;
			containerPortal = AB127A3025078ADE00C24CD1 /* Project object */;
			proxyType = 1;
			remoteGlobalIDString = AB127A3725078ADE00C24CD1;
			remoteInfo = "iOS-Calculator";
		};
		AB127A5A25078AE400C24CD1 /* PBXContainerItemProxy */ = {
			isa = PBXContainerItemProxy;
			containerPortal = AB127A3025078ADE00C24CD1 /* Project object */;
			proxyType = 1;
			remoteGlobalIDString = AB127A3725078ADE00C24CD1;
			remoteInfo = "iOS-Calculator";
		};
/* End PBXContainerItemProxy section */

/* Begin PBXFileReference section */
		AB127A3825078ADF00C24CD1 /* iOS Calculator.app */ = {isa = PBXFileReference; explicitFileType = wrapper.application; includeInIndex = 0; path = "iOS Calculator.app"; sourceTree = BUILT_PRODUCTS_DIR; };
		AB127A3B25078ADF00C24CD1 /* AppDelegate.swift */ = {isa = PBXFileReference; lastKnownFileType = sourcecode.swift; path = AppDelegate.swift; sourceTree = "<group>"; };
		AB127A3D25078ADF00C24CD1 /* SceneDelegate.swift */ = {isa = PBXFileReference; lastKnownFileType = sourcecode.swift; path = SceneDelegate.swift; sourceTree = "<group>"; };
		AB127A3F25078ADF00C24CD1 /* ViewController.swift */ = {isa = PBXFileReference; lastKnownFileType = sourcecode.swift; path = ViewController.swift; sourceTree = "<group>"; };
		AB127A4225078ADF00C24CD1 /* Base */ = {isa = PBXFileReference; lastKnownFileType = file.storyboard; name = Base; path = Base.lproj/Main.storyboard; sourceTree = "<group>"; };
		AB127A4425078AE400C24CD1 /* Assets.xcassets */ = {isa = PBXFileReference; lastKnownFileType = folder.assetcatalog; path = Assets.xcassets; sourceTree = "<group>"; };
		AB127A4725078AE400C24CD1 /* Base */ = {isa = PBXFileReference; lastKnownFileType = file.storyboard; name = Base; path = Base.lproj/LaunchScreen.storyboard; sourceTree = "<group>"; };
		AB127A4925078AE400C24CD1 /* Info.plist */ = {isa = PBXFileReference; lastKnownFileType = text.plist.xml; path = Info.plist; sourceTree = "<group>"; };
		AB127A4E25078AE400C24CD1 /* iOS-CalculatorTests.xctest */ = {isa = PBXFileReference; explicitFileType = wrapper.cfbundle; includeInIndex = 0; path = "iOS-CalculatorTests.xctest"; sourceTree = BUILT_PRODUCTS_DIR; };
		AB127A5225078AE400C24CD1 /* iOS_CalculatorTests.swift */ = {isa = PBXFileReference; lastKnownFileType = sourcecode.swift; path = iOS_CalculatorTests.swift; sourceTree = "<group>"; };
		AB127A5425078AE400C24CD1 /* Info.plist */ = {isa = PBXFileReference; lastKnownFileType = text.plist.xml; path = Info.plist; sourceTree = "<group>"; };
		AB127A5925078AE400C24CD1 /* iOS-CalculatorUITests.xctest */ = {isa = PBXFileReference; explicitFileType = wrapper.cfbundle; includeInIndex = 0; path = "iOS-CalculatorUITests.xctest"; sourceTree = BUILT_PRODUCTS_DIR; };
		AB127A5D25078AE400C24CD1 /* iOS_CalculatorUITests.swift */ = {isa = PBXFileReference; lastKnownFileType = sourcecode.swift; path = iOS_CalculatorUITests.swift; sourceTree = "<group>"; };
		AB127A5F25078AE400C24CD1 /* Info.plist */ = {isa = PBXFileReference; lastKnownFileType = text.plist.xml; path = Info.plist; sourceTree = "<group>"; };
/* End PBXFileReference section */

/* Begin PBXFrameworksBuildPhase section */
		AB127A3525078ADE00C24CD1 /* Frameworks */ = {
			isa = PBXFrameworksBuildPhase;
			buildActionMask = 2147483647;
			files = (
			);
			runOnlyForDeploymentPostprocessing = 0;
		};
		AB127A4B25078AE400C24CD1 /* Frameworks */ = {
			isa = PBXFrameworksBuildPhase;
			buildActionMask = 2147483647;
			files = (
			);
			runOnlyForDeploymentPostprocessing = 0;
		};
		AB127A5625078AE400C24CD1 /* Frameworks */ = {
			isa = PBXFrameworksBuildPhase;
			buildActionMask = 2147483647;
			files = (
			);
			runOnlyForDeploymentPostprocessing = 0;
		};
/* End PBXFrameworksBuildPhase section */

/* Begin PBXGroup section */
		AB127A2F25078ADE00C24CD1 = {
			isa = PBXGroup;
			children = (
				AB127A3A25078ADF00C24CD1 /* iOS-Calculator */,
				AB127A5125078AE400C24CD1 /* iOS-CalculatorTests */,
				AB127A5C25078AE400C24CD1 /* iOS-CalculatorUITests */,
				AB127A3925078ADF00C24CD1 /* Products */,
			);
			sourceTree = "<group>";
		};
		AB127A3925078ADF00C24CD1 /* Products */ = {
			isa = PBXGroup;
			children = (
				AB127A3825078ADF00C24CD1 /* iOS Calculator.app */,
				AB127A4E25078AE400C24CD1 /* iOS-CalculatorTests.xctest */,
				AB127A5925078AE400C24CD1 /* iOS-CalculatorUITests.xctest */,
			);
			name = Products;
			sourceTree = "<group>";
		};
		AB127A3A25078ADF00C24CD1 /* iOS-Calculator */ = {
			isa = PBXGroup;
			children = (
				AB127A3B25078ADF00C24CD1 /* AppDelegate.swift */,
				AB127A3D25078ADF00C24CD1 /* SceneDelegate.swift */,
				AB127A3F25078ADF00C24CD1 /* ViewController.swift */,
				AB127A4125078ADF00C24CD1 /* Main.storyboard */,
				AB127A4425078AE400C24CD1 /* Assets.xcassets */,
				AB127A4625078AE400C24CD1 /* LaunchScreen.storyboard */,
				AB127A4925078AE400C24CD1 /* Info.plist */,
			);
			path = "iOS-Calculator";
			sourceTree = "<group>";
		};
		AB127A5125078AE400C24CD1 /* iOS-CalculatorTests */ = {
			isa = PBXGroup;
			children = (
				AB127A5225078AE400C24CD1 /* iOS_CalculatorTests.swift */,
				AB127A5425078AE400C24CD1 /* Info.plist */,
			);
			path = "iOS-CalculatorTests";
			sourceTree = "<group>";
		};
		AB127A5C25078AE400C24CD1 /* iOS-CalculatorUITests */ = {
			isa = PBXGroup;
			children = (
				AB127A5D25078AE400C24CD1 /* iOS_CalculatorUITests.swift */,
				AB127A5F25078AE400C24CD1 /* Info.plist */,
			);
			path = "iOS-CalculatorUITests";
			sourceTree = "<group>";
		};
/* End PBXGroup section */

/* Begin PBXNativeTarget section */
		AB127A3725078ADE00C24CD1 /* iOS-Calculator */ = {
			isa = PBXNativeTarget;
			buildConfigurationList = AB127A6225078AE400C24CD1 /* Build configuration list for PBXNativeTarget "iOS-Calculator" */;
			buildPhases = (
				AB127A3425078ADE00C24CD1 /* Sources */,
				AB127A3525078ADE00C24CD1 /* Frameworks */,
				AB127A3625078ADE00C24CD1 /* Resources */,
			);
			buildRules = (
			);
			dependencies = (
			);
			name = "iOS-Calculator";
			productName = "iOS-Calculator";
			productReference = AB127A3825078ADF00C24CD1 /* iOS Calculator.app */;
			productType = "com.apple.product-type.application";
		};
		AB127A4D25078AE400C24CD1 /* iOS-CalculatorTests */ = {
			isa = PBXNativeTarget;
			buildConfigurationList = AB127A6525078AE400C24CD1 /* Build configuration list for PBXNativeTarget "iOS-CalculatorTests" */;
			buildPhases = (
				AB127A4A25078AE400C24CD1 /* Sources */,
				AB127A4B25078AE400C24CD1 /* Frameworks */,
				AB127A4C25078AE400C24CD1 /* Resources */,
			);
			buildRules = (
			);
			dependencies = (
				AB127A5025078AE400C24CD1 /* PBXTargetDependency */,
			);
			name = "iOS-CalculatorTests";
			productName = "iOS-CalculatorTests";
			productReference = AB127A4E25078AE400C24CD1 /* iOS-CalculatorTests.xctest */;
			productType = "com.apple.product-type.bundle.unit-test";
		};
		AB127A5825078AE400C24CD1 /* iOS-CalculatorUITests */ = {
			isa = PBXNativeTarget;
			buildConfigurationList = AB127A6825078AE400C24CD1 /* Build configuration list for PBXNativeTarget "iOS-CalculatorUITests" */;
			buildPhases = (
				AB127A5525078AE400C24CD1 /* Sources */,
				AB127A5625078AE400C24CD1 /* Frameworks */,
				AB127A5725078AE400C24CD1 /* Resources */,
			);
			buildRules = (
			);
			dependencies = (
				AB127A5B25078AE400C24CD1 /* PBXTargetDependency */,
			);
			name = "iOS-CalculatorUITests";
			productName = "iOS-CalculatorUITests";
			productReference = AB127A5925078AE400C24CD1 /* iOS-CalculatorUITests.xctest */;
			productType = "com.apple.product-type.bundle.ui-testing";
		};
/* End PBXNativeTarget section */

/* Begin PBXProject section */
		AB127A3025078ADE00C24CD1 /* Project object */ = {
			isa = PBXProject;
			attributes = {
				LastSwiftUpdateCheck = 1130;
				LastUpgradeCheck = 1130;
				ORGANIZATIONNAME = "Daniel Escandell González";
				TargetAttributes = {
					AB127A3725078ADE00C24CD1 = {
						CreatedOnToolsVersion = 11.3.1;
					};
					AB127A4D25078AE400C24CD1 = {
						CreatedOnToolsVersion = 11.3.1;
						TestTargetID = AB127A3725078ADE00C24CD1;
					};
					AB127A5825078AE400C24CD1 = {
						CreatedOnToolsVersion = 11.3.1;
						TestTargetID = AB127A3725078ADE00C24CD1;
					};
				};
			};
			buildConfigurationList = AB127A3325078ADE00C24CD1 /* Build configuration list for PBXProject "iOS-Calculator" */;
			compatibilityVersion = "Xcode 9.3";
			developmentRegion = en;
			hasScannedForEncodings = 0;
			knownRegions = (
				en,
				Base,
			);
			mainGroup = AB127A2F25078ADE00C24CD1;
			productRefGroup = AB127A3925078ADF00C24CD1 /* Products */;
			projectDirPath = "";
			projectRoot = "";
			targets = (
				AB127A3725078ADE00C24CD1 /* iOS-Calculator */,
				AB127A4D25078AE400C24CD1 /* iOS-CalculatorTests */,
				AB127A5825078AE400C24CD1 /* iOS-CalculatorUITests */,
			);
		};
/* End PBXProject section */

/* Begin PBXResourcesBuildPhase section */
		AB127A3625078ADE00C24CD1 /* Resources */ = {
			isa = PBXResourcesBuildPhase;
			buildActionMask = 2147483647;
			files = (
				AB127A4825078AE400C24CD1 /* LaunchScreen.storyboard in Resources */,
				AB127A4525078AE400C24CD1 /* Assets.xcassets in Resources */,
				AB127A4325078ADF00C24CD1 /* Main.storyboard in Resources */,
			);
			runOnlyForDeploymentPostprocessing = 0;
		};
		AB127A4C25078AE400C24CD1 /* Resources */ = {
			isa = PBXResourcesBuildPhase;
			buildActionMask = 2147483647;
			files = (
			);
			runOnlyForDeploymentPostprocessing = 0;
		};
		AB127A5725078AE400C24CD1 /* Resources */ = {
			isa = PBXResourcesBuildPhase;
			buildActionMask = 2147483647;
			files = (
			);
			runOnlyForDeploymentPostprocessing = 0;
		};
/* End PBXResourcesBuildPhase section */

/* Begin PBXSourcesBuildPhase section */
		AB127A3425078ADE00C24CD1 /* Sources */ = {
			isa = PBXSourcesBuildPhase;
			buildActionMask = 2147483647;
			files = (
				AB127A4025078ADF00C24CD1 /* ViewController.swift in Sources */,
				AB127A3C25078ADF00C24CD1 /* AppDelegate.swift in Sources */,
				AB127A3E25078ADF00C24CD1 /* SceneDelegate.swift in Sources */,
			);
			runOnlyForDeploymentPostprocessing = 0;
		};
		AB127A4A25078AE400C24CD1 /* Sources */ = {
			isa = PBXSourcesBuildPhase;
			buildActionMask = 2147483647;
			files = (
				AB127A5325078AE400C24CD1 /* iOS_CalculatorTests.swift in Sources */,
			);
			runOnlyForDeploymentPostprocessing = 0;
		};
		AB127A5525078AE400C24CD1 /* Sources */ = {
			isa = PBXSourcesBuildPhase;
			buildActionMask = 2147483647;
			files = (
				AB127A5E25078AE400C24CD1 /* iOS_CalculatorUITests.swift in Sources */,
			);
			runOnlyForDeploymentPostprocessing = 0;
		};
/* End PBXSourcesBuildPhase section */

/* Begin PBXTargetDependency section */
		AB127A5025078AE400C24CD1 /* PBXTargetDependency */ = {
			isa = PBXTargetDependency;
			target = AB127A3725078ADE00C24CD1 /* iOS-Calculator */;
			targetProxy = AB127A4F25078AE400C24CD1 /* PBXContainerItemProxy */;
		};
		AB127A5B25078AE400C24CD1 /* PBXTargetDependency */ = {
			isa = PBXTargetDependency;
			target = AB127A3725078ADE00C24CD1 /* iOS-Calculator */;
			targetProxy = AB127A5A25078AE400C24CD1 /* PBXContainerItemProxy */;
		};
/* End PBXTargetDependency section */

/* Begin PBXVariantGroup section */
		AB127A4125078ADF00C24CD1 /* Main.storyboard */ = {
			isa = PBXVariantGroup;
			children = (
				AB127A4225078ADF00C24CD1 /* Base */,
			);
			name = Main.storyboard;
			sourceTree = "<group>";
		};
		AB127A4625078AE400C24CD1 /* LaunchScreen.storyboard */ = {
			isa = PBXVariantGroup;
			children = (
				AB127A4725078AE400C24CD1 /* Base */,
			);
			name = LaunchScreen.storyboard;
			sourceTree = "<group>";
		};
/* End PBXVariantGroup section */

/* Begin XCBuildConfiguration section */
		AB127A6025078AE400C24CD1 /* Debug */ = {
			isa = XCBuildConfiguration;
			buildSettings = {
				ALWAYS_SEARCH_USER_PATHS = NO;
				CLANG_ANALYZER_NONNULL = YES;
				CLANG_ANALYZER_NUMBER_OBJECT_CONVERSION = YES_AGGRESSIVE;
				CLANG_CXX_LANGUAGE_STANDARD = "gnu++14";
				CLANG_CXX_LIBRARY = "libc++";
				CLANG_ENABLE_MODULES = YES;
				CLANG_ENABLE_OBJC_ARC = YES;
				CLANG_ENABLE_OBJC_WEAK = YES;
				CLANG_WARN_BLOCK_CAPTURE_AUTORELEASING = YES;
				CLANG_WARN_BOOL_CONVERSION = YES;
				CLANG_WARN_COMMA = YES;
				CLANG_WARN_CONSTANT_CONVERSION = YES;
				CLANG_WARN_DEPRECATED_OBJC_IMPLEMENTATIONS = YES;
				CLANG_WARN_DIRECT_OBJC_ISA_USAGE = YES_ERROR;
				CLANG_WARN_DOCUMENTATION_COMMENTS = YES;
				CLANG_WARN_EMPTY_BODY = YES;
				CLANG_WARN_ENUM_CONVERSION = YES;
				CLANG_WARN_INFINITE_RECURSION = YES;
				CLANG_WARN_INT_CONVERSION = YES;
				CLANG_WARN_NON_LITERAL_NULL_CONVERSION = YES;
				CLANG_WARN_OBJC_IMPLICIT_RETAIN_SELF = YES;
				CLANG_WARN_OBJC_LITERAL_CONVERSION = YES;
				CLANG_WARN_OBJC_ROOT_CLASS = YES_ERROR;
				CLANG_WARN_RANGE_LOOP_ANALYSIS = YES;
				CLANG_WARN_STRICT_PROTOTYPES = YES;
				CLANG_WARN_SUSPICIOUS_MOVE = YES;
				CLANG_WARN_UNGUARDED_AVAILABILITY = YES_AGGRESSIVE;
				CLANG_WARN_UNREACHABLE_CODE = YES;
				CLANG_WARN__DUPLICATE_METHOD_MATCH = YES;
				COPY_PHASE_STRIP = NO;
				DEBUG_INFORMATION_FORMAT = dwarf;
				ENABLE_STRICT_OBJC_MSGSEND = YES;
				ENABLE_TESTABILITY = YES;
				GCC_C_LANGUAGE_STANDARD = gnu11;
				GCC_DYNAMIC_NO_PIC = NO;
				GCC_NO_COMMON_BLOCKS = YES;
				GCC_OPTIMIZATION_LEVEL = 0;
				GCC_PREPROCESSOR_DEFINITIONS = (
					"DEBUG=1",
					"$(inherited)",
				);
				GCC_WARN_64_TO_32_BIT_CONVERSION = YES;
				GCC_WARN_ABOUT_RETURN_TYPE = YES_ERROR;
				GCC_WARN_UNDECLARED_SELECTOR = YES;
				GCC_WARN_UNINITIALIZED_AUTOS = YES_AGGRESSIVE;
				GCC_WARN_UNUSED_FUNCTION = YES;
				GCC_WARN_UNUSED_VARIABLE = YES;
				IPHONEOS_DEPLOYMENT_TARGET = 13.2;
				MTL_ENABLE_DEBUG_INFO = INCLUDE_SOURCE;
				MTL_FAST_MATH = YES;
				ONLY_ACTIVE_ARCH = YES;
				SDKROOT = iphoneos;
				SWIFT_ACTIVE_COMPILATION_CONDITIONS = DEBUG;
				SWIFT_OPTIMIZATION_LEVEL = "-Onone";
			};
			name = Debug;
		};
		AB127A6125078AE400C24CD1 /* Release */ = {
			isa = XCBuildConfiguration;
			buildSettings = {
				ALWAYS_SEARCH_USER_PATHS = NO;
				CLANG_ANALYZER_NONNULL = YES;
				CLANG_ANALYZER_NUMBER_OBJECT_CONVERSION = YES_AGGRESSIVE;
				CLANG_CXX_LANGUAGE_STANDARD = "gnu++14";
				CLANG_CXX_LIBRARY = "libc++";
				CLANG_ENABLE_MODULES = YES;
				CLANG_ENABLE_OBJC_ARC = YES;
				CLANG_ENABLE_OBJC_WEAK = YES;
				CLANG_WARN_BLOCK_CAPTURE_AUTORELEASING = YES;
				CLANG_WARN_BOOL_CONVERSION = YES;
				CLANG_WARN_COMMA = YES;
				CLANG_WARN_CONSTANT_CONVERSION = YES;
				CLANG_WARN_DEPRECATED_OBJC_IMPLEMENTATIONS = YES;
				CLANG_WARN_DIRECT_OBJC_ISA_USAGE = YES_ERROR;
				CLANG_WARN_DOCUMENTATION_COMMENTS = YES;
				CLANG_WARN_EMPTY_BODY = YES;
				CLANG_WARN_ENUM_CONVERSION = YES;
				CLANG_WARN_INFINITE_RECURSION = YES;
				CLANG_WARN_INT_CONVERSION = YES;
				CLANG_WARN_NON_LITERAL_NULL_CONVERSION = YES;
				CLANG_WARN_OBJC_IMPLICIT_RETAIN_SELF = YES;
				CLANG_WARN_OBJC_LITERAL_CONVERSION = YES;
				CLANG_WARN_OBJC_ROOT_CLASS = YES_ERROR;
				CLANG_WARN_RANGE_LOOP_ANALYSIS = YES;
				CLANG_WARN_STRICT_PROTOTYPES = YES;
				CLANG_WARN_SUSPICIOUS_MOVE = YES;
				CLANG_WARN_UNGUARDED_AVAILABILITY = YES_AGGRESSIVE;
				CLANG_WARN_UNREACHABLE_CODE = YES;
				CLANG_WARN__DUPLICATE_METHOD_MATCH = YES;
				COPY_PHASE_STRIP = NO;
				DEBUG_INFORMATION_FORMAT = "dwarf-with-dsym";
				ENABLE_NS_ASSERTIONS = NO;
				ENABLE_STRICT_OBJC_MSGSEND = YES;
				GCC_C_LANGUAGE_STANDARD = gnu11;
				GCC_NO_COMMON_BLOCKS = YES;
				GCC_WARN_64_TO_32_BIT_CONVERSION = YES;
				GCC_WARN_ABOUT_RETURN_TYPE = YES_ERROR;
				GCC_WARN_UNDECLARED_SELECTOR = YES;
				GCC_WARN_UNINITIALIZED_AUTOS = YES_AGGRESSIVE;
				GCC_WARN_UNUSED_FUNCTION = YES;
				GCC_WARN_UNUSED_VARIABLE = YES;
				IPHONEOS_DEPLOYMENT_TARGET = 13.2;
				MTL_ENABLE_DEBUG_INFO = NO;
				MTL_FAST_MATH = YES;
				SDKROOT = iphoneos;
				SWIFT_COMPILATION_MODE = wholemodule;
				SWIFT_OPTIMIZATION_LEVEL = "-O";
				VALIDATE_PRODUCT = YES;
			};
			name = Release;
		};
		AB127A6325078AE400C24CD1 /* Debug */ = {
			isa = XCBuildConfiguration;
			buildSettings = {
				ASSETCATALOG_COMPILER_APPICON_NAME = AppIcon;
				CODE_SIGN_STYLE = Automatic;
				DEVELOPMENT_TEAM = RHJPZ3UHAT;
				INFOPLIST_FILE = "iOS-Calculator/Info.plist";
				IPHONEOS_DEPLOYMENT_TARGET = 10.0;
				LD_RUNPATH_SEARCH_PATHS = (
					"$(inherited)",
					"@executable_path/Frameworks",
				);
				PRODUCT_BUNDLE_IDENTIFIER = "com.Escandell.iOS-Calculator";
				PRODUCT_NAME = "iOS Calculator";
				SWIFT_VERSION = 5.0;
				TARGETED_DEVICE_FAMILY = "1,2";
			};
			name = Debug;
		};
		AB127A6425078AE400C24CD1 /* Release */ = {
			isa = XCBuildConfiguration;
			buildSettings = {
				ASSETCATALOG_COMPILER_APPICON_NAME = AppIcon;
				CODE_SIGN_STYLE = Automatic;
				DEVELOPMENT_TEAM = RHJPZ3UHAT;
				INFOPLIST_FILE = "iOS-Calculator/Info.plist";
				IPHONEOS_DEPLOYMENT_TARGET = 10.0;
				LD_RUNPATH_SEARCH_PATHS = (
					"$(inherited)",
					"@executable_path/Frameworks",
				);
				PRODUCT_BUNDLE_IDENTIFIER = "com.Escandell.iOS-Calculator";
				PRODUCT_NAME = "iOS Calculator";
				SWIFT_VERSION = 5.0;
				TARGETED_DEVICE_FAMILY = "1,2";
			};
			name = Release;
		};
		AB127A6625078AE400C24CD1 /* Debug */ = {
			isa = XCBuildConfiguration;
			buildSettings = {
				ALWAYS_EMBED_SWIFT_STANDARD_LIBRARIES = YES;
				BUNDLE_LOADER = "$(TEST_HOST)";
				CODE_SIGN_STYLE = Automatic;
				INFOPLIST_FILE = "iOS-CalculatorTests/Info.plist";
				IPHONEOS_DEPLOYMENT_TARGET = 13.2;
				LD_RUNPATH_SEARCH_PATHS = (
					"$(inherited)",
					"@executable_path/Frameworks",
					"@loader_path/Frameworks",
				);
				PRODUCT_BUNDLE_IDENTIFIER = "com.Escandell.iOS-CalculatorTests";
				PRODUCT_NAME = "$(TARGET_NAME)";
				SWIFT_VERSION = 5.0;
				TARGETED_DEVICE_FAMILY = "1,2";
				TEST_HOST = "$(BUILT_PRODUCTS_DIR)/iOS-Calculator.app/iOS-Calculator";
			};
			name = Debug;
		};
		AB127A6725078AE400C24CD1 /* Release */ = {
			isa = XCBuildConfiguration;
			buildSettings = {
				ALWAYS_EMBED_SWIFT_STANDARD_LIBRARIES = YES;
				BUNDLE_LOADER = "$(TEST_HOST)";
				CODE_SIGN_STYLE = Automatic;
				INFOPLIST_FILE = "iOS-CalculatorTests/Info.plist";
				IPHONEOS_DEPLOYMENT_TARGET = 13.2;
				LD_RUNPATH_SEARCH_PATHS = (
					"$(inherited)",
					"@executable_path/Frameworks",
					"@loader_path/Frameworks",
				);
				PRODUCT_BUNDLE_IDENTIFIER = "com.Escandell.iOS-CalculatorTests";
				PRODUCT_NAME = "$(TARGET_NAME)";
				SWIFT_VERSION = 5.0;
				TARGETED_DEVICE_FAMILY = "1,2";
				TEST_HOST = "$(BUILT_PRODUCTS_DIR)/iOS-Calculator.app/iOS-Calculator";
			};
			name = Release;
		};
		AB127A6925078AE400C24CD1 /* Debug */ = {
			isa = XCBuildConfiguration;
			buildSettings = {
				ALWAYS_EMBED_SWIFT_STANDARD_LIBRARIES = YES;
				CODE_SIGN_STYLE = Automatic;
				INFOPLIST_FILE = "iOS-CalculatorUITests/Info.plist";
				LD_RUNPATH_SEARCH_PATHS = (
					"$(inherited)",
					"@executable_path/Frameworks",
					"@loader_path/Frameworks",
				);
				PRODUCT_BUNDLE_IDENTIFIER = "com.Escandell.iOS-CalculatorUITests";
				PRODUCT_NAME = "$(TARGET_NAME)";
				SWIFT_VERSION = 5.0;
				TARGETED_DEVICE_FAMILY = "1,2";
				TEST_TARGET_NAME = "iOS-Calculator";
			};
			name = Debug;
		};
		AB127A6A25078AE400C24CD1 /* Release */ = {
			isa = XCBuildConfiguration;
			buildSettings = {
				ALWAYS_EMBED_SWIFT_STANDARD_LIBRARIES = YES;
				CODE_SIGN_STYLE = Automatic;
				INFOPLIST_FILE = "iOS-CalculatorUITests/Info.plist";
				LD_RUNPATH_SEARCH_PATHS = (
					"$(inherited)",
					"@executable_path/Frameworks",
					"@loader_path/Frameworks",
				);
				PRODUCT_BUNDLE_IDENTIFIER = "com.Escandell.iOS-CalculatorUITests";
				PRODUCT_NAME = "$(TARGET_NAME)";
				SWIFT_VERSION = 5.0;
				TARGETED_DEVICE_FAMILY = "1,2";
				TEST_TARGET_NAME = "iOS-Calculator";
			};
			name = Release;
		};
/* End XCBuildConfiguration section */

/* Begin XCConfigurationList section */
		AB127A3325078ADE00C24CD1 /* Build configuration list for PBXProject "iOS-Calculator" */ = {
			isa = XCConfigurationList;
			buildConfigurations = (
				AB127A6025078AE400C24CD1 /* Debug */,
				AB127A6125078AE400C24CD1 /* Release */,
			);
			defaultConfigurationIsVisible = 0;
			defaultConfigurationName = Release;
		};
		AB127A6225078AE400C24CD1 /* Build configuration list for PBXNativeTarget "iOS-Calculator" */ = {
			isa = XCConfigurationList;
			buildConfigurations = (
				AB127A6325078AE400C24CD1 /* Debug */,
				AB127A6425078AE400C24CD1 /* Release */,
			);
			defaultConfigurationIsVisible = 0;
			defaultConfigurationName = Release;
		};
		AB127A6525078AE400C24CD1 /* Build configuration list for PBXNativeTarget "iOS-CalculatorTests" */ = {
			isa = XCConfigurationList;
			buildConfigurations = (
				AB127A6625078AE400C24CD1 /* Debug */,
				AB127A6725078AE400C24CD1 /* Release */,
			);
			defaultConfigurationIsVisible = 0;
			defaultConfigurationName = Release;
		};
		AB127A6825078AE400C24CD1 /* Build configuration list for PBXNativeTarget "iOS-CalculatorUITests" */ = {
			isa = XCConfigurationList;
			buildConfigurations = (
				AB127A6925078AE400C24CD1 /* Debug */,
				AB127A6A25078AE400C24CD1 /* Release */,
			);
			defaultConfigurationIsVisible = 0;
			defaultConfigurationName = Release;
		};
/* End XCConfigurationList section */
	};
	rootObject = AB127A3025078ADE00C24CD1 /* Project object */;
}
